# This file is automatically @generated by Cargo.
# It is not intended for manual editing.
version = 3

[[package]]
name = "anyhow"
version = "1.0.71"
source = "registry+https://github.com/rust-lang/crates.io-index"
checksum = "9c7d0618f0e0b7e8ff11427422b64564d5fb0be1940354bfe2e0529b18a9d9b8"

[[package]]
name = "autocfg"
version = "1.1.0"
source = "registry+https://github.com/rust-lang/crates.io-index"
checksum = "d468802bab17cbc0cc575e9b053f41e72aa36bfa6b7f55e3529ffa43161b97fa"

[[package]]
name = "cfg-if"
version = "1.0.0"
source = "registry+https://github.com/rust-lang/crates.io-index"
checksum = "baf1de4339761588bc0619e3cbc0120ee582ebb74b53b4efbf79117bd2da40fd"

[[package]]
name = "downcast-rs"
version = "1.2.0"
source = "registry+https://github.com/rust-lang/crates.io-index"
checksum = "9ea835d29036a4087793836fa931b08837ad5e957da9e23886b29586fb9b6650"

[[package]]
name = "equivalent"
version = "1.0.1"
source = "registry+https://github.com/rust-lang/crates.io-index"
checksum = "5443807d6dff69373d433ab9ef5378ad8df50ca6298caf15de6e52e24aaf54d5"

[[package]]
name = "hashbrown"
version = "0.14.0"
source = "registry+https://github.com/rust-lang/crates.io-index"
checksum = "2c6201b9ff9fd90a5a3bac2e56a830d0caa509576f0e503818ee82c181b3437a"

[[package]]
name = "host-wasmi"
version = "0.1.0"
dependencies = [
 "wasmi",
]

[[package]]
name = "indexmap"
version = "2.0.0"
source = "registry+https://github.com/rust-lang/crates.io-index"
checksum = "d5477fe2230a79769d8dc68e0eabf5437907c0457a5614a9e8dddb67f65eb65d"
dependencies = [
 "equivalent",
 "hashbrown",
]

[[package]]
name = "indexmap-nostd"
version = "0.4.0"
source = "registry+https://github.com/rust-lang/crates.io-index"
checksum = "8e04e2fd2b8188ea827b32ef11de88377086d690286ab35747ef7f9bf3ccb590"

[[package]]
name = "intx"
version = "0.1.0"
source = "registry+https://github.com/rust-lang/crates.io-index"
checksum = "f6f38a50a899dc47a6d0ed5508e7f601a2e34c3a85303514b5d137f3c10a0c75"

[[package]]
name = "leb128"
version = "0.2.5"
source = "registry+https://github.com/rust-lang/crates.io-index"
checksum = "884e2677b40cc8c339eaefcb701c32ef1fd2493d71118dc0ca4b6a736c93bd67"

[[package]]
name = "libm"
version = "0.2.7"
source = "registry+https://github.com/rust-lang/crates.io-index"
checksum = "f7012b1bbb0719e1097c47611d3898568c546d597c2e74d66f6087edd5233ff4"

[[package]]
name = "num-traits"
version = "0.2.15"
source = "registry+https://github.com/rust-lang/crates.io-index"
checksum = "578ede34cf02f8924ab9447f50c28075b4d3e5b269972345e7e0372b38c6cdcd"
dependencies = [
 "autocfg",
]

[[package]]
name = "paste"
version = "1.0.13"
source = "registry+https://github.com/rust-lang/crates.io-index"
checksum = "b4b27ab7be369122c218afc2079489cdcb4b517c0a3fc386ff11e1fedfcc2b35"

[[package]]
name = "proc-macro2"
version = "1.0.60"
source = "registry+https://github.com/rust-lang/crates.io-index"
checksum = "dec2b086b7a862cf4de201096214fa870344cf922b2b30c167badb3af3195406"
dependencies = [
 "unicode-ident",
]

[[package]]
name = "quote"
version = "1.0.28"
source = "registry+https://github.com/rust-lang/crates.io-index"
checksum = "1b9ab9c7eadfd8df19006f1cf1a4aed13540ed5cbc047010ece5826e10825488"
dependencies = [
 "proc-macro2",
]

[[package]]
name = "semver"
version = "1.0.17"
source = "registry+https://github.com/rust-lang/crates.io-index"
checksum = "bebd363326d05ec3e2f532ab7660680f3b02130d780c299bca73469d521bc0ed"

[[package]]
name = "smallvec"
version = "1.11.0"
source = "registry+https://github.com/rust-lang/crates.io-index"
checksum = "62bb4feee49fdd9f707ef802e22365a35de4b7b299de4763d44bfea899442ff9"

[[package]]
name = "spin"
version = "0.9.8"
source = "registry+https://github.com/rust-lang/crates.io-index"
checksum = "6980e8d7511241f8acf4aebddbb1ff938df5eebe98691418c4468d0b72a96a67"

[[package]]
name = "syn"
version = "2.0.20"
source = "registry+https://github.com/rust-lang/crates.io-index"
checksum = "fcb8d4cebc40aa517dfb69618fa647a346562e67228e2236ae0042ee6ac14775"
dependencies = [
 "proc-macro2",
 "quote",
 "unicode-ident",
]

[[package]]
name = "test-runner"
version = "0.1.0"
dependencies = [
 "anyhow",
 "cfg-if",
 "host-wasmi",
 "wasi-stub",
]

[[package]]
name = "thiserror"
version = "1.0.40"
source = "registry+https://github.com/rust-lang/crates.io-index"
checksum = "978c9a314bd8dc99be594bc3c175faaa9794be04a5a5e153caba6915336cebac"
dependencies = [
 "thiserror-impl",
]

[[package]]
name = "thiserror-impl"
version = "1.0.40"
source = "registry+https://github.com/rust-lang/crates.io-index"
checksum = "f9456a42c5b0d803c8cd86e73dd7cc9edd429499f37a3550d286d5e86720569f"
dependencies = [
 "proc-macro2",
 "quote",
 "syn",
]

[[package]]
name = "unicode-ident"
version = "1.0.9"
source = "registry+https://github.com/rust-lang/crates.io-index"
checksum = "b15811caf2415fb889178633e7724bad2509101cde276048e013b9def5e51fa0"

[[package]]
name = "venial"
version = "0.5.0"
source = "registry+https://github.com/rust-lang/crates.io-index"
checksum = "61584a325b16f97b5b25fcc852eb9550843a251057a5e3e5992d2376f3df4bb2"
dependencies = [
 "proc-macro2",
 "quote",
]

[[package]]
name = "wasi-stub"
version = "0.1.0"
dependencies = [
 "thiserror",
 "wasm-encoder",
 "wasmparser",
]

[[package]]
name = "wasm-encoder"
version = "0.31.0"
source = "registry+https://github.com/rust-lang/crates.io-index"
checksum = "06a3d1b4a575ffb873679402b2aedb3117555eb65c27b1b86c8a91e574bc2a2a"
dependencies = [
 "leb128",
]

[[package]]
name = "wasm-minimal-protocol"
version = "0.1.0"
dependencies = [
 "proc-macro2",
 "quote",
 "venial",
]

[[package]]
name = "wasmi"
version = "0.30.0"
source = "registry+https://github.com/rust-lang/crates.io-index"
checksum = "e51fb5c61993e71158abf5bb863df2674ca3ec39ed6471c64f07aeaf751d67b4"
dependencies = [
 "intx",
 "smallvec",
 "spin",
 "wasmi_arena",
 "wasmi_core",
 "wasmparser-nostd",
]

[[package]]
name = "wasmi_arena"
version = "0.4.0"
source = "registry+https://github.com/rust-lang/crates.io-index"
checksum = "401c1f35e413fac1846d4843745589d9ec678977ab35a384db8ae7830525d468"

[[package]]
name = "wasmi_core"
version = "0.12.0"
source = "registry+https://github.com/rust-lang/crates.io-index"
checksum = "624e6333e861ef49095d2d678b76ebf30b06bf37effca845be7e5b87c90071b7"
dependencies = [
 "downcast-rs",
 "libm",
 "num-traits",
 "paste",
]

[[package]]
name = "wasmparser"
version = "0.109.0"
source = "registry+https://github.com/rust-lang/crates.io-index"
checksum = "8bf9564f29de2890ee34406af52d2a92dec6ef044c8ddfc5add5db8dcfd36e6c"
dependencies = [
 "indexmap",
 "semver",
]

[[package]]
name = "wasmparser-nostd"
version = "0.100.1"
source = "registry+https://github.com/rust-lang/crates.io-index"
checksum = "9157cab83003221bfd385833ab587a039f5d6fa7304854042ba358a3b09e0724"
dependencies = [
 "indexmap-nostd",
]
