# This file is automatically @generated by Cargo.
# It is not intended for manual editing.
version = 3

[[package]]
name = "anyhow"
version = "1.0.75"
source = "registry+https://github.com/rust-lang/crates.io-index"
checksum = "a4668cab20f66d8d020e1fbc0ebe47217433c1b6c8f2040faf858554e394ace6"

[[package]]
name = "autocfg"
version = "1.1.0"
source = "registry+https://github.com/rust-lang/crates.io-index"
checksum = "d468802bab17cbc0cc575e9b053f41e72aa36bfa6b7f55e3529ffa43161b97fa"

[[package]]
name = "cfg-if"
version = "1.0.0"
source = "registry+https://github.com/rust-lang/crates.io-index"
checksum = "baf1de4339761588bc0619e3cbc0120ee582ebb74b53b4efbf79117bd2da40fd"

[[package]]
name = "downcast-rs"
version = "1.2.0"
source = "registry+https://github.com/rust-lang/crates.io-index"
checksum = "9ea835d29036a4087793836fa931b08837ad5e957da9e23886b29586fb9b6650"

[[package]]
name = "equivalent"
version = "1.0.1"
source = "registry+https://github.com/rust-lang/crates.io-index"
checksum = "5443807d6dff69373d433ab9ef5378ad8df50ca6298caf15de6e52e24aaf54d5"

[[package]]
name = "hashbrown"
version = "0.14.0"
source = "registry+https://github.com/rust-lang/crates.io-index"
checksum = "2c6201b9ff9fd90a5a3bac2e56a830d0caa509576f0e503818ee82c181b3437a"

[[package]]
name = "host-wasmi"
version = "0.1.0"
dependencies = [
 "wasmi",
]

[[package]]
name = "indexmap"
version = "2.0.0"
source = "registry+https://github.com/rust-lang/crates.io-index"
checksum = "d5477fe2230a79769d8dc68e0eabf5437907c0457a5614a9e8dddb67f65eb65d"
dependencies = [
 "equivalent",
 "hashbrown",
]

[[package]]
name = "indexmap-nostd"
version = "0.4.0"
source = "registry+https://github.com/rust-lang/crates.io-index"
checksum = "8e04e2fd2b8188ea827b32ef11de88377086d690286ab35747ef7f9bf3ccb590"

[[package]]
name = "intx"
version = "0.1.0"
source = "registry+https://github.com/rust-lang/crates.io-index"
checksum = "f6f38a50a899dc47a6d0ed5508e7f601a2e34c3a85303514b5d137f3c10a0c75"

[[package]]
name = "leb128"
version = "0.2.5"
source = "registry+https://github.com/rust-lang/crates.io-index"
checksum = "884e2677b40cc8c339eaefcb701c32ef1fd2493d71118dc0ca4b6a736c93bd67"

[[package]]
name = "libm"
version = "0.2.7"
source = "registry+https://github.com/rust-lang/crates.io-index"
checksum = "f7012b1bbb0719e1097c47611d3898568c546d597c2e74d66f6087edd5233ff4"

[[package]]
name = "memchr"
version = "2.6.3"
source = "registry+https://github.com/rust-lang/crates.io-index"
checksum = "8f232d6ef707e1956a43342693d2a31e72989554d58299d7a88738cc95b0d35c"

[[package]]
name = "num-traits"
version = "0.2.16"
source = "registry+https://github.com/rust-lang/crates.io-index"
checksum = "f30b0abd723be7e2ffca1272140fac1a2f084c77ec3e123c192b66af1ee9e6c2"
dependencies = [
 "autocfg",
]

[[package]]
name = "paste"
version = "1.0.14"
source = "registry+https://github.com/rust-lang/crates.io-index"
checksum = "de3145af08024dea9fa9914f381a17b8fc6034dfb00f3a84013f7ff43f29ed4c"

[[package]]
name = "proc-macro2"
version = "1.0.66"
source = "registry+https://github.com/rust-lang/crates.io-index"
checksum = "18fb31db3f9bddb2ea821cde30a9f70117e3f119938b5ee630b7403aa6e2ead9"
dependencies = [
 "unicode-ident",
]

[[package]]
name = "quote"
version = "1.0.33"
source = "registry+https://github.com/rust-lang/crates.io-index"
checksum = "5267fca4496028628a95160fc423a33e8b2e6af8a5302579e322e4b520293cae"
dependencies = [
 "proc-macro2",
]

[[package]]
name = "semver"
version = "1.0.18"
source = "registry+https://github.com/rust-lang/crates.io-index"
checksum = "b0293b4b29daaf487284529cc2f5675b8e57c61f70167ba415a463651fd6a918"

[[package]]
name = "smallvec"
version = "1.11.0"
source = "registry+https://github.com/rust-lang/crates.io-index"
checksum = "62bb4feee49fdd9f707ef802e22365a35de4b7b299de4763d44bfea899442ff9"

[[package]]
name = "spin"
version = "0.9.8"
source = "registry+https://github.com/rust-lang/crates.io-index"
checksum = "6980e8d7511241f8acf4aebddbb1ff938df5eebe98691418c4468d0b72a96a67"

[[package]]
name = "test-runner"
version = "0.1.0"
dependencies = [
 "anyhow",
 "cfg-if",
 "host-wasmi",
 "wasi-stub",
]

[[package]]
name = "unicode-ident"
version = "1.0.11"
source = "registry+https://github.com/rust-lang/crates.io-index"
checksum = "301abaae475aa91687eb82514b328ab47a211a533026cb25fc3e519b86adfc3c"

[[package]]
name = "unicode-width"
version = "0.1.10"
source = "registry+https://github.com/rust-lang/crates.io-index"
checksum = "c0edd1e5b14653f783770bce4a4dabb4a5108a5370a5f5d8cfe8710c361f6c8b"

[[package]]
name = "venial"
version = "0.5.0"
source = "registry+https://github.com/rust-lang/crates.io-index"
checksum = "61584a325b16f97b5b25fcc852eb9550843a251057a5e3e5992d2376f3df4bb2"
dependencies = [
 "proc-macro2",
 "quote",
]

[[package]]
name = "wasi-stub"
version = "0.1.0"
dependencies = [
 "anyhow",
 "wasmprinter",
 "wast",
]

[[package]]
name = "wasm-encoder"
version = "0.32.0"
source = "registry+https://github.com/rust-lang/crates.io-index"
checksum = "1ba64e81215916eaeb48fee292f29401d69235d62d8b8fd92a7b2844ec5ae5f7"
dependencies = [
 "leb128",
]

[[package]]
name = "wasm-minimal-protocol"
version = "0.1.0"
dependencies = [
 "proc-macro2",
 "quote",
 "venial",
]

[[package]]
name = "wasmi"
version = "0.30.0"
source = "registry+https://github.com/rust-lang/crates.io-index"
checksum = "e51fb5c61993e71158abf5bb863df2674ca3ec39ed6471c64f07aeaf751d67b4"
dependencies = [
 "intx",
 "smallvec",
 "spin",
 "wasmi_arena",
 "wasmi_core",
 "wasmparser-nostd",
]

[[package]]
name = "wasmi_arena"
version = "0.4.0"
source = "registry+https://github.com/rust-lang/crates.io-index"
checksum = "401c1f35e413fac1846d4843745589d9ec678977ab35a384db8ae7830525d468"

[[package]]
name = "wasmi_core"
version = "0.12.0"
source = "registry+https://github.com/rust-lang/crates.io-index"
checksum = "624e6333e861ef49095d2d678b76ebf30b06bf37effca845be7e5b87c90071b7"
dependencies = [
 "downcast-rs",
 "libm",
 "num-traits",
 "paste",
]

[[package]]
name = "wasmparser"
version = "0.112.0"
source = "registry+https://github.com/rust-lang/crates.io-index"
checksum = "e986b010f47fcce49cf8ea5d5f9e5d2737832f12b53ae8ae785bbe895d0877bf"
dependencies = [
 "indexmap",
 "semver",
]

[[package]]
name = "wasmparser-nostd"
version = "0.100.1"
source = "registry+https://github.com/rust-lang/crates.io-index"
checksum = "9157cab83003221bfd385833ab587a039f5d6fa7304854042ba358a3b09e0724"
dependencies = [
 "indexmap-nostd",
]

[[package]]
name = "wasmprinter"
version = "0.2.64"
source = "registry+https://github.com/rust-lang/crates.io-index"
checksum = "34ddf5892036cd4b780d505eff1194a0cbc10ed896097656fdcea3744b5e7c2f"
dependencies = [
 "anyhow",
 "wasmparser",
]

[[package]]
name = "wast"
version = "64.0.0"
source = "registry+https://github.com/rust-lang/crates.io-index"
checksum = "a259b226fd6910225aa7baeba82f9d9933b6d00f2ce1b49b80fa4214328237cc"
dependencies = [
 "leb128",
 "memchr",
 "unicode-width",
 "wasm-encoder",
]
