# This file is automatically @generated by Cargo.
# It is not intended for manual editing.
version = 3

[[package]]
name = "host-rust-wasm"
version = "0.1.0"
dependencies = [
 "rust-wasm",
]

[[package]]
name = "rust-wasm"
version = "0.1.0"
source = "git+https://github.com/astrale-sharp/rust-wasm.git#495b8e2f002ce76cec4ddb2c9fbed481f5339c59"
